{
    "requires": true,
    "lockfileVersion": 1,
    "dependencies": {
        "requirejs": {
            "version": "2.3.5",
            "resolved": "https://registry.npmjs.org/requirejs/-/requirejs-2.3.5.tgz",
            "integrity": "sha512-svnO+aNcR/an9Dpi44C7KSAy5fFGLtmPbaaCeQaklUz8BQhS64tWWIIlvEA5jrWICzlO/X9KSzSeXFnZdBu8nw==",
            "dev": true
        },
        "soil-web": {
            "version": "0.0.3",
            "resolved": "https://registry.npmjs.org/soil-web/-/soil-web-0.0.3.tgz",
            "integrity": "sha512-Mx+W5V2VfVEEnzlCgcfqRn3wF3/E441epo8F4qoXKc82mS7Lr8r+cuxPWCPRslfLWcmmSlqzThp/pFRqv/wcOg=="
        },
        "systemjs": {
            "version": "0.20.19",
            "resolved": "https://registry.npmjs.org/systemjs/-/systemjs-0.20.19.tgz",
            "integrity": "sha512-H/rKwNEEyej/+IhkmFNmKFyJul8tbH/muiPq5TyNoVTwsGhUjRsN3NlFnFQUvFXA3+GQmsXkCNXU6QKPl779aw==",
            "dev": true
        },
        "typescript": {
            "version": "2.5.3",
            "resolved": "https://registry.npmjs.org/typescript/-/typescript-2.5.3.tgz",
            "integrity": "sha512-ptLSQs2S4QuS6/OD1eAKG+S5G8QQtrU5RT32JULdZQtM1L3WTi34Wsu48Yndzi8xsObRAB9RPt/KhA9wlpEF6w==",
            "dev": true
        }
    }
}
